
Microsoft Visual Studio Solution File, Format Version 12.00
# Visual Studio Version 16
VisualStudioVersion = 16.0.30907.101
MinimumVisualStudioVersion = 10.0.40219.1
Project("{9A19103F-16F7-4668-BE54-9A1E7A4F7556}") = "YGCLib", "YGCLib\YGCLib.csproj", "{12672E2B-81B9-4605-9525-AF66171EC273}"
EndProject
Project("{FAE04EC0-301F-11D3-BF4B-00C04F79EFBC}") = "YGCGUI", "YGCGUI\YGCGUI.csproj", "{239F1C0A-FD77-4039-B96F-F17583C2860F}"
EndProject
Global
	GlobalSection(SolutionConfigurationPlatforms) = preSolution
		Debug|Any CPU = Debug|Any CPU
		Release|Any CPU = Release|Any CPU
	EndGlobalSection
	GlobalSection(ProjectConfigurationPlatforms) = postSolution
		{12672E2B-81B9-4605-9525-AF66171EC273}.Debug|Any CPU.ActiveCfg = Debug|Any CPU
		{12672E2B-81B9-4605-9525-AF66171EC273}.Debug|Any CPU.Build.0 = Debug|Any CPU
		{12672E2B-81B9-4605-9525-AF66171EC273}.Release|Any CPU.ActiveCfg = Release|Any CPU
		{12672E2B-81B9-4605-9525-AF66171EC273}.Release|Any CPU.Build.0 = Release|Any CPU
		{239F1C0A-FD77-4039-B96F-F17583C2860F}.Debug|Any CPU.ActiveCfg = Debug|Any CPU
		{239F1C0A-FD77-4039-B96F-F17583C2860F}.Debug|Any CPU.Build.0 = Debug|Any CPU
		{239F1C0A-FD77-4039-B96F-F17583C2860F}.Release|Any CPU.ActiveCfg = Release|Any CPU
		{239F1C0A-FD77-4039-B96F-F17583C2860F}.Release|Any CPU.Build.0 = Release|Any CPU
	EndGlobalSection
	GlobalSection(SolutionProperties) = preSolution
		HideSolutionNode = FALSE
	EndGlobalSection
	GlobalSection(ExtensibilityGlobals) = postSolution
		SolutionGuid = {FAD1317E-B720-4940-A1F1-A344587B9E66}
	EndGlobalSection
EndGlobal
